
Microsoft Visual Studio Solution File, Format Version 12.00
# Visual Studio 14
VisualStudioVersion = 14.0.25420.1
MinimumVisualStudioVersion = 10.0.40219.1
Project("{2150E333-8FDC-42A3-9474-1A3956D46DE8}") = "1 Application Layer", "1 Application Layer", "{41EBB984-EC01-4B9E-BDD5-794BC60164FB}"
EndProject
Project("{2150E333-8FDC-42A3-9474-1A3956D46DE8}") = "2 Service Layer", "2 Service Layer", "{D7309579-C63D-48E9-88EF-4FBF0356910B}"
EndProject
Project("{2150E333-8FDC-42A3-9474-1A3956D46DE8}") = "3 Business Layer", "3 Business Layer", "{60A70564-F926-4854-86E0-A4710DAC8DDE}"
EndProject
Project("{2150E333-8FDC-42A3-9474-1A3956D46DE8}") = "4 Data Layer", "4 Data Layer", "{B3E0D04D-D924-4929-8DFD-4634BCBF6A86}"
EndProject
Project("{FAE04EC0-301F-11D3-BF4B-00C04F79EFBC}") = "AG.Common", "AG.Common\AG.Common.csproj", "{A257A073-8141-4884-B17C-00F5355AE9A0}"
EndProject
Project("{2150E333-8FDC-42A3-9474-1A3956D46DE8}") = "Tests", "Tests", "{CE96C52B-0555-4943-8C59-950E02389D8A}"
EndProject
Project("{2150E333-8FDC-42A3-9474-1A3956D46DE8}") = "Solution Items", "Solution Items", "{085A31B6-51B1-46F0-A880-04B78D1ABC9D}"
	ProjectSection(SolutionItems) = preProject
		tweet.txt = tweet.txt
		user.txt = user.txt
		WebEssentials2015-Settings.json = WebEssentials2015-Settings.json
	EndProjectSection
EndProject
Project("{FAE04EC0-301F-11D3-BF4B-00C04F79EFBC}") = "FeedSimulator", "FeedSimulator\FeedSimulator.csproj", "{645C3145-0477-4995-8DFB-337A69416586}"
EndProject
Project("{2150E333-8FDC-42A3-9474-1A3956D46DE8}") = "Web", "Web", "{41CD0C86-440D-4C88-8DBD-F09CC625C568}"
EndProject
Project("{FAE04EC0-301F-11D3-BF4B-00C04F79EFBC}") = "AG.Data", "AG.Data\AG.Data.csproj", "{AF650714-FD78-4494-8784-4F2E353338AB}"
EndProject
Project("{FAE04EC0-301F-11D3-BF4B-00C04F79EFBC}") = "AD.Domain", "AD.Domain\AD.Domain.csproj", "{053A643E-3AEA-4DE3-B4D1-FFD01E0D2898}"
EndProject
Project("{FAE04EC0-301F-11D3-BF4B-00C04F79EFBC}") = "AG.Common.Tests", "AG.Common.Tests\AG.Common.Tests.csproj", "{E74B51F1-31CC-4352-9383-4F683C15EAFF}"
EndProject
Global
	GlobalSection(SolutionConfigurationPlatforms) = preSolution
		Debug|Any CPU = Debug|Any CPU
		Release|Any CPU = Release|Any CPU
	EndGlobalSection
	GlobalSection(ProjectConfigurationPlatforms) = postSolution
		{A257A073-8141-4884-B17C-00F5355AE9A0}.Debug|Any CPU.ActiveCfg = Debug|Any CPU
		{A257A073-8141-4884-B17C-00F5355AE9A0}.Debug|Any CPU.Build.0 = Debug|Any CPU
		{A257A073-8141-4884-B17C-00F5355AE9A0}.Release|Any CPU.ActiveCfg = Release|Any CPU
		{A257A073-8141-4884-B17C-00F5355AE9A0}.Release|Any CPU.Build.0 = Release|Any CPU
		{645C3145-0477-4995-8DFB-337A69416586}.Debug|Any CPU.ActiveCfg = Debug|Any CPU
		{645C3145-0477-4995-8DFB-337A69416586}.Debug|Any CPU.Build.0 = Debug|Any CPU
		{645C3145-0477-4995-8DFB-337A69416586}.Release|Any CPU.ActiveCfg = Release|Any CPU
		{645C3145-0477-4995-8DFB-337A69416586}.Release|Any CPU.Build.0 = Release|Any CPU
		{AF650714-FD78-4494-8784-4F2E353338AB}.Debug|Any CPU.ActiveCfg = Debug|Any CPU
		{AF650714-FD78-4494-8784-4F2E353338AB}.Debug|Any CPU.Build.0 = Debug|Any CPU
		{AF650714-FD78-4494-8784-4F2E353338AB}.Release|Any CPU.ActiveCfg = Release|Any CPU
		{AF650714-FD78-4494-8784-4F2E353338AB}.Release|Any CPU.Build.0 = Release|Any CPU
		{053A643E-3AEA-4DE3-B4D1-FFD01E0D2898}.Debug|Any CPU.ActiveCfg = Debug|Any CPU
		{053A643E-3AEA-4DE3-B4D1-FFD01E0D2898}.Debug|Any CPU.Build.0 = Debug|Any CPU
		{053A643E-3AEA-4DE3-B4D1-FFD01E0D2898}.Release|Any CPU.ActiveCfg = Release|Any CPU
		{053A643E-3AEA-4DE3-B4D1-FFD01E0D2898}.Release|Any CPU.Build.0 = Release|Any CPU
		{E74B51F1-31CC-4352-9383-4F683C15EAFF}.Debug|Any CPU.ActiveCfg = Debug|Any CPU
		{E74B51F1-31CC-4352-9383-4F683C15EAFF}.Debug|Any CPU.Build.0 = Debug|Any CPU
		{E74B51F1-31CC-4352-9383-4F683C15EAFF}.Release|Any CPU.ActiveCfg = Release|Any CPU
		{E74B51F1-31CC-4352-9383-4F683C15EAFF}.Release|Any CPU.Build.0 = Release|Any CPU
	EndGlobalSection
	GlobalSection(SolutionProperties) = preSolution
		HideSolutionNode = FALSE
	EndGlobalSection
	GlobalSection(NestedProjects) = preSolution
		{645C3145-0477-4995-8DFB-337A69416586} = {41CD0C86-440D-4C88-8DBD-F09CC625C568}
		{41CD0C86-440D-4C88-8DBD-F09CC625C568} = {41EBB984-EC01-4B9E-BDD5-794BC60164FB}
		{AF650714-FD78-4494-8784-4F2E353338AB} = {B3E0D04D-D924-4929-8DFD-4634BCBF6A86}
		{053A643E-3AEA-4DE3-B4D1-FFD01E0D2898} = {60A70564-F926-4854-86E0-A4710DAC8DDE}
		{E74B51F1-31CC-4352-9383-4F683C15EAFF} = {CE96C52B-0555-4943-8C59-950E02389D8A}
	EndGlobalSection
EndGlobal
